// !$*UTF8*$!
{
	archiveVersion = 1;
	classes = {
	};
	objectVersion = 46;
	objects = {

/* Begin PBXBuildFile section */
		57A7B1E41B2CE77000D62F45 /* AppDelegate.swift in Sources */ = {isa = PBXBuildFile; fileRef = 57A7B1E31B2CE77000D62F45 /* AppDelegate.swift */; };
		57A7B1E91B2CE77000D62F45 /* Main.storyboard in Resources */ = {isa = PBXBuildFile; fileRef = 57A7B1E71B2CE77000D62F45 /* Main.storyboard */; };
		57A7B1EB1B2CE77000D62F45 /* Images.xcassets in Resources */ = {isa = PBXBuildFile; fileRef = 57A7B1EA1B2CE77000D62F45 /* Images.xcassets */; };
		57A7B1EE1B2CE77000D62F45 /* LaunchScreen.xib in Resources */ = {isa = PBXBuildFile; fileRef = 57A7B1EC1B2CE77000D62F45 /* LaunchScreen.xib */; };
		57A7B1FA1B2CE77100D62F45 /* RoshamboTests.swift in Sources */ = {isa = PBXBuildFile; fileRef = 57A7B1F91B2CE77100D62F45 /* RoshamboTests.swift */; };
		57A7B2121B2CE8F700D62F45 /* RockPaperScissorsViewController.swift in Sources */ = {isa = PBXBuildFile; fileRef = 57A7B2111B2CE8F700D62F45 /* RockPaperScissorsViewController.swift */; };
		57A7B2141B2CEF8B00D62F45 /* ResultsViewController.swift in Sources */ = {isa = PBXBuildFile; fileRef = 57A7B2131B2CEF8B00D62F45 /* ResultsViewController.swift */; };
		57A7B2541B37714300D62F45 /* HistoryViewController.swift in Sources */ = {isa = PBXBuildFile; fileRef = 57A7B2531B37714300D62F45 /* HistoryViewController.swift */; };
		57A7B2561B37806E00D62F45 /* GamePlay.swift in Sources */ = {isa = PBXBuildFile; fileRef = 57A7B2551B37806E00D62F45 /* GamePlay.swift */; };
		57A7B2581B37810800D62F45 /* Result.swift in Sources */ = {isa = PBXBuildFile; fileRef = 57A7B2571B37810800D62F45 /* Result.swift */; };
/* End PBXBuildFile section */

/* Begin PBXContainerItemProxy section */
		57A7B1F41B2CE77100D62F45 /* PBXContainerItemProxy */ = {
			isa = PBXContainerItemProxy;
			containerPortal = 57A7B1D61B2CE77000D62F45 /* Project object */;
			proxyType = 1;
			remoteGlobalIDString = 57A7B1DD1B2CE77000D62F45;
			remoteInfo = Roshambo;
		};
/* End PBXContainerItemProxy section */

/* Begin PBXFileReference section */
		57A7B1DE1B2CE77000D62F45 /* Roshambo.app */ = {isa = PBXFileReference; explicitFileType = wrapper.application; includeInIndex = 0; path = Roshambo.app; sourceTree = BUILT_PRODUCTS_DIR; };
		57A7B1E21B2CE77000D62F45 /* Info.plist */ = {isa = PBXFileReference; lastKnownFileType = text.plist.xml; path = Info.plist; sourceTree = "<group>"; };
		57A7B1E31B2CE77000D62F45 /* AppDelegate.swift */ = {isa = PBXFileReference; lastKnownFileType = sourcecode.swift; path = AppDelegate.swift; sourceTree = "<group>"; };
		57A7B1E81B2CE77000D62F45 /* Base */ = {isa = PBXFileReference; lastKnownFileType = file.storyboard; name = Base; path = Base.lproj/Main.storyboard; sourceTree = "<group>"; };
		57A7B1EA1B2CE77000D62F45 /* Images.xcassets */ = {isa = PBXFileReference; lastKnownFileType = folder.assetcatalog; path = Images.xcassets; sourceTree = "<group>"; };
		57A7B1ED1B2CE77000D62F45 /* Base */ = {isa = PBXFileReference; lastKnownFileType = file.xib; name = Base; path = Base.lproj/LaunchScreen.xib; sourceTree = "<group>"; };
		57A7B1F31B2CE77100D62F45 /* RoshamboTests.xctest */ = {isa = PBXFileReference; explicitFileType = wrapper.cfbundle; includeInIndex = 0; path = RoshamboTests.xctest; sourceTree = BUILT_PRODUCTS_DIR; };
		57A7B1F81B2CE77100D62F45 /* Info.plist */ = {isa = PBXFileReference; lastKnownFileType = text.plist.xml; path = Info.plist; sourceTree = "<group>"; };
		57A7B1F91B2CE77100D62F45 /* RoshamboTests.swift */ = {isa = PBXFileReference; lastKnownFileType = sourcecode.swift; path = RoshamboTests.swift; sourceTree = "<group>"; };
		57A7B2111B2CE8F700D62F45 /* RockPaperScissorsViewController.swift */ = {isa = PBXFileReference; fileEncoding = 4; lastKnownFileType = sourcecode.swift; path = RockPaperScissorsViewController.swift; sourceTree = "<group>"; };
		57A7B2131B2CEF8B00D62F45 /* ResultsViewController.swift */ = {isa = PBXFileReference; fileEncoding = 4; lastKnownFileType = sourcecode.swift; path = ResultsViewController.swift; sourceTree = "<group>"; };
		57A7B2531B37714300D62F45 /* HistoryViewController.swift */ = {isa = PBXFileReference; fileEncoding = 4; lastKnownFileType = sourcecode.swift; path = HistoryViewController.swift; sourceTree = "<group>"; };
		57A7B2551B37806E00D62F45 /* GamePlay.swift */ = {isa = PBXFileReference; fileEncoding = 4; lastKnownFileType = sourcecode.swift; path = GamePlay.swift; sourceTree = "<group>"; };
		57A7B2571B37810800D62F45 /* Result.swift */ = {isa = PBXFileReference; fileEncoding = 4; lastKnownFileType = sourcecode.swift; path = Result.swift; sourceTree = "<group>"; };
/* End PBXFileReference section */

/* Begin PBXFrameworksBuildPhase section */
		57A7B1DB1B2CE77000D62F45 /* Frameworks */ = {
			isa = PBXFrameworksBuildPhase;
			buildActionMask = 2147483647;
			files = (
			);
			runOnlyForDeploymentPostprocessing = 0;
		};
		57A7B1F01B2CE77100D62F45 /* Frameworks */ = {
			isa = PBXFrameworksBuildPhase;
			buildActionMask = 2147483647;
			files = (
			);
			runOnlyForDeploymentPostprocessing = 0;
		};
/* End PBXFrameworksBuildPhase section */

/* Begin PBXGroup section */
		57A7B1D51B2CE77000D62F45 = {
			isa = PBXGroup;
			children = (
				57A7B1E01B2CE77000D62F45 /* Roshambo */,
				57A7B1F61B2CE77100D62F45 /* RoshamboTests */,
				57A7B1DF1B2CE77000D62F45 /* Products */,
			);
			sourceTree = "<group>";
		};
		57A7B1DF1B2CE77000D62F45 /* Products */ = {
			isa = PBXGroup;
			children = (
				57A7B1DE1B2CE77000D62F45 /* Roshambo.app */,
				57A7B1F31B2CE77100D62F45 /* RoshamboTests.xctest */,
			);
			name = Products;
			sourceTree = "<group>";
		};
		57A7B1E01B2CE77000D62F45 /* Roshambo */ = {
			isa = PBXGroup;
			children = (
				57A7B2591B379F1800D62F45 /* View Controllers */,
				57A7B25A1B379F4100D62F45 /* Model */,
				57A7B1E71B2CE77000D62F45 /* Main.storyboard */,
				57A7B1EA1B2CE77000D62F45 /* Images.xcassets */,
				57A7B1E11B2CE77000D62F45 /* Supporting Files */,
			);
			path = Roshambo;
			sourceTree = "<group>";
		};
		57A7B1E11B2CE77000D62F45 /* Supporting Files */ = {
			isa = PBXGroup;
			children = (
				57A7B1EC1B2CE77000D62F45 /* LaunchScreen.xib */,
				57A7B1E31B2CE77000D62F45 /* AppDelegate.swift */,
				57A7B1E21B2CE77000D62F45 /* Info.plist */,
			);
			name = "Supporting Files";
			sourceTree = "<group>";
		};
		57A7B1F61B2CE77100D62F45 /* RoshamboTests */ = {
			isa = PBXGroup;
			children = (
				57A7B1F91B2CE77100D62F45 /* RoshamboTests.swift */,
				57A7B1F71B2CE77100D62F45 /* Supporting Files */,
			);
			path = RoshamboTests;
			sourceTree = "<group>";
		};
		57A7B1F71B2CE77100D62F45 /* Supporting Files */ = {
			isa = PBXGroup;
			children = (
				57A7B1F81B2CE77100D62F45 /* Info.plist */,
			);
			name = "Supporting Files";
			sourceTree = "<group>";
		};
		57A7B2591B379F1800D62F45 /* View Controllers */ = {
			isa = PBXGroup;
			children = (
				57A7B2111B2CE8F700D62F45 /* RockPaperScissorsViewController.swift */,
				57A7B2131B2CEF8B00D62F45 /* ResultsViewController.swift */,
				57A7B2531B37714300D62F45 /* HistoryViewController.swift */,
			);
			name = "View Controllers";
			sourceTree = "<group>";
		};
		57A7B25A1B379F4100D62F45 /* Model */ = {
			isa = PBXGroup;
			children = (
				57A7B2571B37810800D62F45 /* Result.swift */,
				57A7B2551B37806E00D62F45 /* GamePlay.swift */,
			);
			name = Model;
			sourceTree = "<group>";
		};
/* End PBXGroup section */

/* Begin PBXNativeTarget section */
		57A7B1DD1B2CE77000D62F45 /* Roshambo */ = {
			isa = PBXNativeTarget;
			buildConfigurationList = 57A7B1FD1B2CE77100D62F45 /* Build configuration list for PBXNativeTarget "Roshambo" */;
			buildPhases = (
				57A7B1DA1B2CE77000D62F45 /* Sources */,
				57A7B1DB1B2CE77000D62F45 /* Frameworks */,
				57A7B1DC1B2CE77000D62F45 /* Resources */,
			);
			buildRules = (
			);
			dependencies = (
			);
			name = Roshambo;
			productName = Roshambo;
			productReference = 57A7B1DE1B2CE77000D62F45 /* Roshambo.app */;
			productType = "com.apple.product-type.application";
		};
		57A7B1F21B2CE77100D62F45 /* RoshamboTests */ = {
			isa = PBXNativeTarget;
			buildConfigurationList = 57A7B2001B2CE77100D62F45 /* Build configuration list for PBXNativeTarget "RoshamboTests" */;
			buildPhases = (
				57A7B1EF1B2CE77100D62F45 /* Sources */,
				57A7B1F01B2CE77100D62F45 /* Frameworks */,
				57A7B1F11B2CE77100D62F45 /* Resources */,
			);
			buildRules = (
			);
			dependencies = (
				57A7B1F51B2CE77100D62F45 /* PBXTargetDependency */,
			);
			name = RoshamboTests;
			productName = RoshamboTests;
			productReference = 57A7B1F31B2CE77100D62F45 /* RoshamboTests.xctest */;
			productType = "com.apple.product-type.bundle.unit-test";
		};
/* End PBXNativeTarget section */

/* Begin PBXProject section */
		57A7B1D61B2CE77000D62F45 /* Project object */ = {
			isa = PBXProject;
			attributes = {
				LastUpgradeCheck = 0630;
				ORGANIZATIONNAME = "Alex Paul";
				TargetAttributes = {
					57A7B1DD1B2CE77000D62F45 = {
						CreatedOnToolsVersion = 6.3.2;
					};
					57A7B1F21B2CE77100D62F45 = {
						CreatedOnToolsVersion = 6.3.2;
						TestTargetID = 57A7B1DD1B2CE77000D62F45;
					};
				};
			};
			buildConfigurationList = 57A7B1D91B2CE77000D62F45 /* Build configuration list for PBXProject "Roshambo" */;
			compatibilityVersion = "Xcode 3.2";
			developmentRegion = English;
			hasScannedForEncodings = 0;
			knownRegions = (
				en,
				Base,
			);
			mainGroup = 57A7B1D51B2CE77000D62F45;
			productRefGroup = 57A7B1DF1B2CE77000D62F45 /* Products */;
			projectDirPath = "";
			projectRoot = "";
			targets = (
				57A7B1DD1B2CE77000D62F45 /* Roshambo */,
				57A7B1F21B2CE77100D62F45 /* RoshamboTests */,
			);
		};
/* End PBXProject section */

/* Begin PBXResourcesBuildPhase section */
		57A7B1DC1B2CE77000D62F45 /* Resources */ = {
			isa = PBXResourcesBuildPhase;
			buildActionMask = 2147483647;
			files = (
				57A7B1E91B2CE77000D62F45 /* Main.storyboard in Resources */,
				57A7B1EE1B2CE77000D62F45 /* LaunchScreen.xib in Resources */,
				57A7B1EB1B2CE77000D62F45 /* Images.xcassets in Resources */,
			);
			runOnlyForDeploymentPostprocessing = 0;
		};
		57A7B1F11B2CE77100D62F45 /* Resources */ = {
			isa = PBXResourcesBuildPhase;
			buildActionMask = 2147483647;
			files = (
			);
			runOnlyForDeploymentPostprocessing = 0;
		};
/* End PBXResourcesBuildPhase section */

/* Begin PBXSourcesBuildPhase section */
		57A7B1DA1B2CE77000D62F45 /* Sources */ = {
			isa = PBXSourcesBuildPhase;
			buildActionMask = 2147483647;
			files = (
				57A7B2581B37810800D62F45 /* Result.swift in Sources */,
				57A7B2561B37806E00D62F45 /* GamePlay.swift in Sources */,
				57A7B1E41B2CE77000D62F45 /* AppDelegate.swift in Sources */,
				57A7B2121B2CE8F700D62F45 /* RockPaperScissorsViewController.swift in Sources */,
				57A7B2141B2CEF8B00D62F45 /* ResultsViewController.swift in Sources */,
				57A7B2541B37714300D62F45 /* HistoryViewController.swift in Sources */,
			);
			runOnlyForDeploymentPostprocessing = 0;
		};
		57A7B1EF1B2CE77100D62F45 /* Sources */ = {
			isa = PBXSourcesBuildPhase;
			buildActionMask = 2147483647;
			files = (
				57A7B1FA1B2CE77100D62F45 /* RoshamboTests.swift in Sources */,
			);
			runOnlyForDeploymentPostprocessing = 0;
		};
/* End PBXSourcesBuildPhase section */

/* Begin PBXTargetDependency section */
		57A7B1F51B2CE77100D62F45 /* PBXTargetDependency */ = {
			isa = PBXTargetDependency;
			target = 57A7B1DD1B2CE77000D62F45 /* Roshambo */;
			targetProxy = 57A7B1F41B2CE77100D62F45 /* PBXContainerItemProxy */;
		};
/* End PBXTargetDependency section */

/* Begin PBXVariantGroup section */
		57A7B1E71B2CE77000D62F45 /* Main.storyboard */ = {
			isa = PBXVariantGroup;
			children = (
				57A7B1E81B2CE77000D62F45 /* Base */,
			);
			name = Main.storyboard;
			sourceTree = "<group>";
		};
		57A7B1EC1B2CE77000D62F45 /* LaunchScreen.xib */ = {
			isa = PBXVariantGroup;
			children = (
				57A7B1ED1B2CE77000D62F45 /* Base */,
			);
			name = LaunchScreen.xib;
			sourceTree = "<group>";
		};
/* End PBXVariantGroup section */

/* Begin XCBuildConfiguration section */
		57A7B1FB1B2CE77100D62F45 /* Debug */ = {
			isa = XCBuildConfiguration;
			buildSettings = {
				ALWAYS_SEARCH_USER_PATHS = NO;
				CLANG_CXX_LANGUAGE_STANDARD = "gnu++0x";
				CLANG_CXX_LIBRARY = "libc++";
				CLANG_ENABLE_MODULES = YES;
				CLANG_ENABLE_OBJC_ARC = YES;
				CLANG_WARN_BOOL_CONVERSION = YES;
				CLANG_WARN_CONSTANT_CONVERSION = YES;
				CLANG_WARN_DIRECT_OBJC_ISA_USAGE = YES_ERROR;
				CLANG_WARN_EMPTY_BODY = YES;
				CLANG_WARN_ENUM_CONVERSION = YES;
				CLANG_WARN_INT_CONVERSION = YES;
				CLANG_WARN_OBJC_ROOT_CLASS = YES_ERROR;
				CLANG_WARN_UNREACHABLE_CODE = YES;
				CLANG_WARN__DUPLICATE_METHOD_MATCH = YES;
				"CODE_SIGN_IDENTITY[sdk=iphoneos*]" = "iPhone Developer";
				COPY_PHASE_STRIP = NO;
				DEBUG_INFORMATION_FORMAT = "dwarf-with-dsym";
				ENABLE_STRICT_OBJC_MSGSEND = YES;
				GCC_C_LANGUAGE_STANDARD = gnu99;
				GCC_DYNAMIC_NO_PIC = NO;
				GCC_NO_COMMON_BLOCKS = YES;
				GCC_OPTIMIZATION_LEVEL = 0;
				GCC_PREPROCESSOR_DEFINITIONS = (
					"DEBUG=1",
					"$(inherited)",
				);
				GCC_SYMBOLS_PRIVATE_EXTERN = NO;
				GCC_WARN_64_TO_32_BIT_CONVERSION = YES;
				GCC_WARN_ABOUT_RETURN_TYPE = YES_ERROR;
				GCC_WARN_UNDECLARED_SELECTOR = YES;
				GCC_WARN_UNINITIALIZED_AUTOS = YES_AGGRESSIVE;
				GCC_WARN_UNUSED_FUNCTION = YES;
				GCC_WARN_UNUSED_VARIABLE = YES;
				IPHONEOS_DEPLOYMENT_TARGET = 8.3;
				MTL_ENABLE_DEBUG_INFO = YES;
				ONLY_ACTIVE_ARCH = YES;
				SDKROOT = iphoneos;
				SWIFT_OPTIMIZATION_LEVEL = "-Onone";
			};
			name = Debug;
		};
		57A7B1FC1B2CE77100D62F45 /* Release */ = {
			isa = XCBuildConfiguration;
			buildSettings = {
				ALWAYS_SEARCH_USER_PATHS = NO;
				CLANG_CXX_LANGUAGE_STANDARD = "gnu++0x";
				CLANG_CXX_LIBRARY = "libc++";
				CLANG_ENABLE_MODULES = YES;
				CLANG_ENABLE_OBJC_ARC = YES;
				CLANG_WARN_BOOL_CONVERSION = YES;
				CLANG_WARN_CONSTANT_CONVERSION = YES;
				CLANG_WARN_DIRECT_OBJC_ISA_USAGE = YES_ERROR;
				CLANG_WARN_EMPTY_BODY = YES;
				CLANG_WARN_ENUM_CONVERSION = YES;
				CLANG_WARN_INT_CONVERSION = YES;
				CLANG_WARN_OBJC_ROOT_CLASS = YES_ERROR;
				CLANG_WARN_UNREACHABLE_CODE = YES;
				CLANG_WARN__DUPLICATE_METHOD_MATCH = YES;
				"CODE_SIGN_IDENTITY[sdk=iphoneos*]" = "iPhone Developer";
				COPY_PHASE_STRIP = NO;
				DEBUG_INFORMATION_FORMAT = "dwarf-with-dsym";
				ENABLE_NS_ASSERTIONS = NO;
				ENABLE_STRICT_OBJC_MSGSEND = YES;
				GCC_C_LANGUAGE_STANDARD = gnu99;
				GCC_NO_COMMON_BLOCKS = YES;
				GCC_WARN_64_TO_32_BIT_CONVERSION = YES;
				GCC_WARN_ABOUT_RETURN_TYPE = YES_ERROR;
				GCC_WARN_UNDECLARED_SELECTOR = YES;
				GCC_WARN_UNINITIALIZED_AUTOS = YES_AGGRESSIVE;
				GCC_WARN_UNUSED_FUNCTION = YES;
				GCC_WARN_UNUSED_VARIABLE = YES;
				IPHONEOS_DEPLOYMENT_TARGET = 8.3;
				MTL_ENABLE_DEBUG_INFO = NO;
				SDKROOT = iphoneos;
				VALIDATE_PRODUCT = YES;
			};
			name = Release;
		};
		57A7B1FE1B2CE77100D62F45 /* Debug */ = {
			isa = XCBuildConfiguration;
			buildSettings = {
				ASSETCATALOG_COMPILER_APPICON_NAME = AppIcon;
				INFOPLIST_FILE = Roshambo/Info.plist;
				LD_RUNPATH_SEARCH_PATHS = "$(inherited) @executable_path/Frameworks";
				PRODUCT_NAME = "$(TARGET_NAME)";
			};
			name = Debug;
		};
		57A7B1FF1B2CE77100D62F45 /* Release */ = {
			isa = XCBuildConfiguration;
			buildSettings = {
				ASSETCATALOG_COMPILER_APPICON_NAME = AppIcon;
				INFOPLIST_FILE = Roshambo/Info.plist;
				LD_RUNPATH_SEARCH_PATHS = "$(inherited) @executable_path/Frameworks";
				PRODUCT_NAME = "$(TARGET_NAME)";
			};
			name = Release;
		};
		57A7B2011B2CE77100D62F45 /* Debug */ = {
			isa = XCBuildConfiguration;
			buildSettings = {
				BUNDLE_LOADER = "$(TEST_HOST)";
				FRAMEWORK_SEARCH_PATHS = (
					"$(SDKROOT)/Developer/Library/Frameworks",
					"$(inherited)",
				);
				GCC_PREPROCESSOR_DEFINITIONS = (
					"DEBUG=1",
					"$(inherited)",
				);
				INFOPLIST_FILE = RoshamboTests/Info.plist;
				LD_RUNPATH_SEARCH_PATHS = "$(inherited) @executable_path/Frameworks @loader_path/Frameworks";
				PRODUCT_NAME = "$(TARGET_NAME)";
				TEST_HOST = "$(BUILT_PRODUCTS_DIR)/Roshambo.app/Roshambo";
			};
			name = Debug;
		};
		57A7B2021B2CE77100D62F45 /* Release */ = {
			isa = XCBuildConfiguration;
			buildSettings = {
				BUNDLE_LOADER = "$(TEST_HOST)";
				FRAMEWORK_SEARCH_PATHS = (
					"$(SDKROOT)/Developer/Library/Frameworks",
					"$(inherited)",
				);
				INFOPLIST_FILE = RoshamboTests/Info.plist;
				LD_RUNPATH_SEARCH_PATHS = "$(inherited) @executable_path/Frameworks @loader_path/Frameworks";
				PRODUCT_NAME = "$(TARGET_NAME)";
				TEST_HOST = "$(BUILT_PRODUCTS_DIR)/Roshambo.app/Roshambo";
			};
			name = Release;
		};
/* End XCBuildConfiguration section */

/* Begin XCConfigurationList section */
		57A7B1D91B2CE77000D62F45 /* Build configuration list for PBXProject "Roshambo" */ = {
			isa = XCConfigurationList;
			buildConfigurations = (
				57A7B1FB1B2CE77100D62F45 /* Debug */,
				57A7B1FC1B2CE77100D62F45 /* Release */,
			);
			defaultConfigurationIsVisible = 0;
			defaultConfigurationName = Release;
		};
		57A7B1FD1B2CE77100D62F45 /* Build configuration list for PBXNativeTarget "Roshambo" */ = {
			isa = XCConfigurationList;
			buildConfigurations = (
				57A7B1FE1B2CE77100D62F45 /* Debug */,
				57A7B1FF1B2CE77100D62F45 /* Release */,
			);
			defaultConfigurationIsVisible = 0;
			defaultConfigurationName = Release;
		};
		57A7B2001B2CE77100D62F45 /* Build configuration list for PBXNativeTarget "RoshamboTests" */ = {
			isa = XCConfigurationList;
			buildConfigurations = (
				57A7B2011B2CE77100D62F45 /* Debug */,
				57A7B2021B2CE77100D62F45 /* Release */,
			);
			defaultConfigurationIsVisible = 0;
			defaultConfigurationName = Release;
		};
/* End XCConfigurationList section */
	};
	rootObject = 57A7B1D61B2CE77000D62F45 /* Project object */;
}
